
Microsoft Visual Studio Solution File, Format Version 12.00
# Visual Studio Version 17
VisualStudioVersion = 17.0.31903.59
MinimumVisualStudioVersion = 10.0.40219.1
Project("{FAE04EC0-301F-11D3-BF4B-00C04F79EFBC}") = "Aib.Api", "Aib.Api\Aib.Api.csproj", "{632255AF-FAC8-4EF2-B9AA-043A4E9F535D}"
EndProject
Project("{FAE04EC0-301F-11D3-BF4B-00C04F79EFBC}") = "Aib.Migrations", "Aib.Migrations\Aib.Migrations.csproj", "{38696A77-8186-4AF8-B6D2-7CA056275C12}"
EndProject
Global
	GlobalSection(SolutionConfigurationPlatforms) = preSolution
		Debug|Any CPU = Debug|Any CPU
		Debug|x64 = Debug|x64
		Debug|x86 = Debug|x86
		Release|Any CPU = Release|Any CPU
		Release|x64 = Release|x64
		Release|x86 = Release|x86
	EndGlobalSection
	GlobalSection(ProjectConfigurationPlatforms) = postSolution
		{632255AF-FAC8-4EF2-B9AA-043A4E9F535D}.Debug|Any CPU.ActiveCfg = Debug|Any CPU
		{632255AF-FAC8-4EF2-B9AA-043A4E9F535D}.Debug|Any CPU.Build.0 = Debug|Any CPU
		{632255AF-FAC8-4EF2-B9AA-043A4E9F535D}.Debug|x64.ActiveCfg = Debug|Any CPU
		{632255AF-FAC8-4EF2-B9AA-043A4E9F535D}.Debug|x64.Build.0 = Debug|Any CPU
		{632255AF-FAC8-4EF2-B9AA-043A4E9F535D}.Debug|x86.ActiveCfg = Debug|Any CPU
		{632255AF-FAC8-4EF2-B9AA-043A4E9F535D}.Debug|x86.Build.0 = Debug|Any CPU
		{632255AF-FAC8-4EF2-B9AA-043A4E9F535D}.Release|Any CPU.ActiveCfg = Release|Any CPU
		{632255AF-FAC8-4EF2-B9AA-043A4E9F535D}.Release|Any CPU.Build.0 = Release|Any CPU
		{632255AF-FAC8-4EF2-B9AA-043A4E9F535D}.Release|x64.ActiveCfg = Release|Any CPU
		{632255AF-FAC8-4EF2-B9AA-043A4E9F535D}.Release|x64.Build.0 = Release|Any CPU
		{632255AF-FAC8-4EF2-B9AA-043A4E9F535D}.Release|x86.ActiveCfg = Release|Any CPU
		{632255AF-FAC8-4EF2-B9AA-043A4E9F535D}.Release|x86.Build.0 = Release|Any CPU
		{38696A77-8186-4AF8-B6D2-7CA056275C12}.Debug|Any CPU.ActiveCfg = Debug|Any CPU
		{38696A77-8186-4AF8-B6D2-7CA056275C12}.Debug|Any CPU.Build.0 = Debug|Any CPU
		{38696A77-8186-4AF8-B6D2-7CA056275C12}.Debug|x64.ActiveCfg = Debug|Any CPU
		{38696A77-8186-4AF8-B6D2-7CA056275C12}.Debug|x64.Build.0 = Debug|Any CPU
		{38696A77-8186-4AF8-B6D2-7CA056275C12}.Debug|x86.ActiveCfg = Debug|Any CPU
		{38696A77-8186-4AF8-B6D2-7CA056275C12}.Debug|x86.Build.0 = Debug|Any CPU
		{38696A77-8186-4AF8-B6D2-7CA056275C12}.Release|Any CPU.ActiveCfg = Release|Any CPU
		{38696A77-8186-4AF8-B6D2-7CA056275C12}.Release|Any CPU.Build.0 = Release|Any CPU
		{38696A77-8186-4AF8-B6D2-7CA056275C12}.Release|x64.ActiveCfg = Release|Any CPU
		{38696A77-8186-4AF8-B6D2-7CA056275C12}.Release|x64.Build.0 = Release|Any CPU
		{38696A77-8186-4AF8-B6D2-7CA056275C12}.Release|x86.ActiveCfg = Release|Any CPU
		{38696A77-8186-4AF8-B6D2-7CA056275C12}.Release|x86.Build.0 = Release|Any CPU
	EndGlobalSection
	GlobalSection(SolutionProperties) = preSolution
		HideSolutionNode = FALSE
	EndGlobalSection
EndGlobal
